<?xml version="1.0" encoding="utf-8"?>
<Project ToolsVersion="4.0" xmlns="http://schemas.microsoft.com/developer/msbuild/2003">
  <ItemGroup>
    <Filter Include="Source Files">
      <UniqueIdentifier>{4FC737F1-C7A5-4376-A066-2A32D752A2FF}</UniqueIdentifier>
      <Extensions>cpp;c;cc;cxx;def;odl;idl;hpj;bat;asm;asmx</Extensions>
    </Filter>
    <Filter Include="Header Files">
      <UniqueIdentifier>{93995380-89BD-4b04-88EB-625FBE52EBFB}</UniqueIdentifier>
      <Extensions>h;hh;hpp;hxx;hm;inl;inc;xsd</Extensions>
    </Filter>
    <Filter Include="Resource Files">
      <UniqueIdentifier>{67DA6AB6-F800-4c08-8B7A-83BB121AAD01}</UniqueIdentifier>
      <Extensions>rc;ico;cur;bmp;dlg;rc2;rct;bin;rgs;gif;jpg;jpeg;jpe;resx;tiff;tif;png;wav</Extensions>
    </Filter>
  </ItemGroup>
  <ItemGroup>
    <ClCompile Include="main.cpp">
      <Filter>Source Files</Filter>
    </ClCompile>
    <ClCompile Include="game manager\Game Manager.cpp">
      <Filter>Source Files</Filter>
    </ClCompile>
    <ClCompile Include="game manager\Test Code.cpp">
      <Filter>Source Files</Filter>
    </ClCompile>
    <ClCompile Include="game manager\game manager attack functions\Alien Army Attack.cpp">
      <Filter>Source Files</Filter>
    </ClCompile>
    <ClCompile Include="game manager\game manager attack functions\Earth Army Attack.cpp">
      <Filter>Source Files</Filter>
    </ClCompile>
    <ClCompile Include="game manager\game manager general functions\GetHandlers.cpp">
      <Filter>Source Files</Filter>
    </ClCompile>
    <ClCompile Include="game manager\game manager general functions\HandlePrint.cpp">
      <Filter>Source Files</Filter>
    </ClCompile>
    <ClCompile Include="game manager\game manager general functions\ReadInput.cpp">
      <Filter>Source Files</Filter>
    </ClCompile>
    <ClCompile Include="game manager\game manager start\ManagerStart.cpp">
      <Filter>Source Files</Filter>
    </ClCompile>
    <ClCompile Include="generator\Generator.cpp">
      <Filter>Source Files</Filter>
    </ClCompile>
    <ClCompile Include="killed list\Killed List.cpp">
      <Filter>Source Files</Filter>
    </ClCompile>
    <ClCompile Include="temp list\Temp List.cpp">
      <Filter>Source Files</Filter>
    </ClCompile>
    <ClCompile Include="units\Unit.cpp">
      <Filter>Source Files</Filter>
    </ClCompile>
    <ClCompile Include="units\alien\alien army\Alien Army.cpp">
      <Filter>Source Files</Filter>
    </ClCompile>
    <ClCompile Include="units\alien\alien unit\Alien Unit.cpp">
      <Filter>Source Files</Filter>
    </ClCompile>
    <ClCompile Include="units\alien\alien units\alien drones\Alien Drones.cpp">
      <Filter>Source Files</Filter>
    </ClCompile>
    <ClCompile Include="units\alien\alien units\alien monsters\Alien Monsters.cpp">
      <Filter>Source Files</Filter>
    </ClCompile>
    <ClCompile Include="units\alien\alien units\alien soldier\Alien Soldier.cpp">
      <Filter>Source Files</Filter>
    </ClCompile>
    <ClCompile Include="units\earth\earth army\Earth Army.cpp">
      <Filter>Source Files</Filter>
    </ClCompile>
    <ClCompile Include="units\earth\earth unit\Earth Unit.cpp">
      <Filter>Source Files</Filter>
    </ClCompile>
    <ClCompile Include="units\earth\earth units\earth gunnery\Earth Gunnery.cpp">
      <Filter>Source Files</Filter>
    </ClCompile>
    <ClCompile Include="units\earth\earth units\earth soldier\Earth Soldier.cpp">
      <Filter>Source Files</Filter>
    </ClCompile>
    <ClCompile Include="units\earth\earth units\earth tanks\Earth Tank.cpp">
      <Filter>Source Files</Filter>
    </ClCompile>
    <ClCompile Include="utils\Utils.cpp">
      <Filter>Source Files</Filter>
    </ClCompile>
  </ItemGroup>
  <ItemGroup>
    <ClInclude Include="Platform.h">
      <Filter>Header Files</Filter>
    </ClInclude>
    <ClInclude Include="enums\Enums.h">
      <Filter>Header Files</Filter>
    </ClInclude>
    <ClInclude Include="game manager\Game Manager.h">
      <Filter>Header Files</Filter>
    </ClInclude>
    <ClInclude Include="game manager\game manager start\ManagerStart.h">
      <Filter>Header Files</Filter>
    </ClInclude>
    <ClInclude Include="generator\Generator.h">
      <Filter>Header Files</Filter>
    </ClInclude>
    <ClInclude Include="killed list\Killed List.h">
      <Filter>Header Files</Filter>
    </ClInclude>
    <ClInclude Include="structures\adts\QueueADT.h">
      <Filter>Header Files</Filter>
    </ClInclude>
    <ClInclude Include="structures\adts\StackADT.h">
      <Filter>Header Files</Filter>
    </ClInclude>
    <ClInclude Include="structures\bag\Bag.h">
      <Filter>Header Files</Filter>
    </ClInclude>
    <ClInclude Include="structures\deque\Deque.h">
      <Filter>Header Files</Filter>
    </ClInclude>
    <ClInclude Include="structures\nodes\DoublyNode.h">
      <Filter>Header Files</Filter>
    </ClInclude>
    <ClInclude Include="structures\nodes\Node.h">
      <Filter>Header Files</Filter>
    </ClInclude>
    <ClInclude Include="structures\nodes\PriorityNode.h">
      <Filter>Header Files</Filter>
    </ClInclude>
    <ClInclude Include="structures\priority queue\PriorityQueue.h">
      <Filter>Header Files</Filter>
    </ClInclude>
    <ClInclude Include="structures\queue\LinkedQueue.h">
      <Filter>Header Files</Filter>
    </ClInclude>
    <ClInclude Include="structures\stack\ArrayStack.h">
      <Filter>Header Files</Filter>
    </ClInclude>
    <ClInclude Include="temp list\Temp List.h">
      <Filter>Header Files</Filter>
    </ClInclude>
    <ClInclude Include="units\Unit.h">
      <Filter>Header Files</Filter>
    </ClInclude>
    <ClInclude Include="units\Values.h">
      <Filter>Header Files</Filter>
    </ClInclude>
    <ClInclude Include="units\alien\alien army\Alien Army.h">
      <Filter>Header Files</Filter>
    </ClInclude>
    <ClInclude Include="units\alien\alien unit\Alien Unit.h">
      <Filter>Header Files</Filter>
    </ClInclude>
    <ClInclude Include="units\alien\alien units\alien drones\Alien Drones.h">
      <Filter>Header Files</Filter>
    </ClInclude>
    <ClInclude Include="units\alien\alien units\alien monsters\Alien Monsters.h">
      <Filter>Header Files</Filter>
    </ClInclude>
    <ClInclude Include="units\alien\alien units\alien soldier\Alien Soldier.h">
      <Filter>Header Files</Filter>
    </ClInclude>
    <ClInclude Include="units\earth\earth army\Earth Army.h">
      <Filter>Header Files</Filter>
    </ClInclude>
    <ClInclude Include="units\earth\earth unit\Earth Unit.h">
      <Filter>Header Files</Filter>
    </ClInclude>
    <ClInclude Include="units\earth\earth units\earth gunnery\Earth Gunnery.h">
      <Filter>Header Files</Filter>
    </ClInclude>
    <ClInclude Include="units\earth\earth units\earth soldier\Earth Soldier.h">
      <Filter>Header Files</Filter>
    </ClInclude>
    <ClInclude Include="units\earth\earth units\earth tanks\Earth Tank.h">
      <Filter>Header Files</Filter>
    </ClInclude>
    <ClInclude Include="utils\Utils.h">
      <Filter>Header Files</Filter>
    </ClInclude>
  </ItemGroup>
</Project>